{
  "name": "ex_heroicons",
  "version": "3.0.0",
  "lockfileVersion": 3,
  "requires": true,
  "packages": {
    "": {
      "name": "ex_heroicons",
      "version": "3.0.0",
      "license": "ISC",
      "dependencies": {
        "heroicons": "2.1.1"
      },
      "devDependencies": {}
    },
    "node_modules/heroicons": {
      "version": "2.1.1",
      "resolved": "https://registry.npmjs.org/heroicons/-/heroicons-2.1.1.tgz",
      "integrity": "sha512-54kHbrxsTyAJJU7z07XN1OrVBX8ogN/tbclP8Doxk0X4IQmR6LEhLzJBkFK9Yc814NoXG6ZJBh9Bi/qvauzjfA=="
    }
  }
}
