{
  "name": "ex_heroicons",
  "version": "0.4.1",
  "lockfileVersion": 1,
  "requires": true,
  "dependencies": {
    "heroicons": {
      "version": "1.0.1",
      "resolved": "https://registry.npmjs.org/heroicons/-/heroicons-1.0.1.tgz",
      "integrity": "sha512-vPUhWJQlpNOwNzn0WZ1JBzvsU/Gj9cBSgULPp6pF+Ckihk4+yY4JeOcZQn8XirA7S+OkVz2jNqWP7O+r5xapyA=="
    }
  }
}
